# This file is automatically @generated by Cargo.
# It is not intended for manual editing.
version = 4

[[package]]
name = "aequa"
version = "0.1.0"
dependencies = [
 "athena",
]

[[package]]
name = "athena"
version = "1.3.0"
source = "git+https://github.com/xqhare/athena#c86940d8921a8d9f34205ea27377ab12e502dbae"
dependencies = [
 "libc",
]

[[package]]
name = "libc"
version = "0.2.183"
source = "registry+https://github.com/rust-lang/crates.io-index"
checksum = "b5b646652bf6661599e1da8901b3b9522896f01e736bad5f723fe7a3a27f899d"
